
Microsoft Visual Studio Solution File, Format Version 12.00
# Visual Studio Version 16
VisualStudioVersion = 16.0.28531.58
MinimumVisualStudioVersion = 10.0.40219.1
Project("{2150E333-8FDC-42A3-9474-1A3956D46DE8}") = "Solution Items", "Solution Items", "{074C9503-1CF1-4BDA-8140-8C7D2790CFC2}"
	ProjectSection(SolutionItems) = preProject
		.editorconfig = .editorconfig
		.gitignore = .gitignore
		BACKLOG.md = BACKLOG.md
		LICENSE.MD = LICENSE.MD
		README.md = README.md
	EndProjectSection
EndProject
Project("{2150E333-8FDC-42A3-9474-1A3956D46DE8}") = "Presentation", "Presentation", "{56D286D4-05BF-428A-BA1A-9D5EDB21999E}"
EndProject
Project("{2150E333-8FDC-42A3-9474-1A3956D46DE8}") = "Engine", "Engine", "{23B3C108-661E-4EFC-AA1A-4109B4CF4BFE}"
EndProject
Project("{9A19103F-16F7-4668-BE54-9A1E7A4F7556}") = "Engine.Core", "Domain.Core\Engine.Core.csproj", "{1DD6AD13-2811-439A-B439-187975BCCF56}"
EndProject
Project("{9A19103F-16F7-4668-BE54-9A1E7A4F7556}") = "Engine.Core.CLI", "Engine.Core.CLI\Engine.Core.CLI\Engine.Core.CLI.csproj", "{E44A3C8A-BD7B-4ACC-A8D4-136E6F2C1792}"
EndProject
Project("{9A19103F-16F7-4668-BE54-9A1E7A4F7556}") = "Engine.Core.Test", "Engine.Core.Test\Engine.Core.Test\Engine.Core.Test.csproj", "{36AA2C25-DBD6-4562-AA89-3F5AB754B12E}"
EndProject
Project("{FAE04EC0-301F-11D3-BF4B-00C04F79EFBC}") = "Presentation.UI.Contracts", "Presentation.UI.Contracts\Presentation.UI.Contracts.csproj", "{DF078423-1CC4-4DB6-9C3D-515E53C9B884}"
EndProject
Global
	GlobalSection(SolutionConfigurationPlatforms) = preSolution
		Debug|Any CPU = Debug|Any CPU
		Release|Any CPU = Release|Any CPU
	EndGlobalSection
	GlobalSection(ProjectConfigurationPlatforms) = postSolution
		{1DD6AD13-2811-439A-B439-187975BCCF56}.Debug|Any CPU.ActiveCfg = Debug|Any CPU
		{1DD6AD13-2811-439A-B439-187975BCCF56}.Debug|Any CPU.Build.0 = Debug|Any CPU
		{1DD6AD13-2811-439A-B439-187975BCCF56}.Release|Any CPU.ActiveCfg = Release|Any CPU
		{1DD6AD13-2811-439A-B439-187975BCCF56}.Release|Any CPU.Build.0 = Release|Any CPU
		{E44A3C8A-BD7B-4ACC-A8D4-136E6F2C1792}.Debug|Any CPU.ActiveCfg = Debug|Any CPU
		{E44A3C8A-BD7B-4ACC-A8D4-136E6F2C1792}.Debug|Any CPU.Build.0 = Debug|Any CPU
		{E44A3C8A-BD7B-4ACC-A8D4-136E6F2C1792}.Release|Any CPU.ActiveCfg = Release|Any CPU
		{E44A3C8A-BD7B-4ACC-A8D4-136E6F2C1792}.Release|Any CPU.Build.0 = Release|Any CPU
		{36AA2C25-DBD6-4562-AA89-3F5AB754B12E}.Debug|Any CPU.ActiveCfg = Debug|Any CPU
		{36AA2C25-DBD6-4562-AA89-3F5AB754B12E}.Debug|Any CPU.Build.0 = Debug|Any CPU
		{36AA2C25-DBD6-4562-AA89-3F5AB754B12E}.Release|Any CPU.ActiveCfg = Release|Any CPU
		{36AA2C25-DBD6-4562-AA89-3F5AB754B12E}.Release|Any CPU.Build.0 = Release|Any CPU
		{DF078423-1CC4-4DB6-9C3D-515E53C9B884}.Debug|Any CPU.ActiveCfg = Debug|Any CPU
		{DF078423-1CC4-4DB6-9C3D-515E53C9B884}.Debug|Any CPU.Build.0 = Debug|Any CPU
		{DF078423-1CC4-4DB6-9C3D-515E53C9B884}.Release|Any CPU.ActiveCfg = Release|Any CPU
		{DF078423-1CC4-4DB6-9C3D-515E53C9B884}.Release|Any CPU.Build.0 = Release|Any CPU
	EndGlobalSection
	GlobalSection(SolutionProperties) = preSolution
		HideSolutionNode = FALSE
	EndGlobalSection
	GlobalSection(NestedProjects) = preSolution
		{1DD6AD13-2811-439A-B439-187975BCCF56} = {23B3C108-661E-4EFC-AA1A-4109B4CF4BFE}
		{E44A3C8A-BD7B-4ACC-A8D4-136E6F2C1792} = {23B3C108-661E-4EFC-AA1A-4109B4CF4BFE}
		{36AA2C25-DBD6-4562-AA89-3F5AB754B12E} = {23B3C108-661E-4EFC-AA1A-4109B4CF4BFE}
		{DF078423-1CC4-4DB6-9C3D-515E53C9B884} = {56D286D4-05BF-428A-BA1A-9D5EDB21999E}
	EndGlobalSection
	GlobalSection(ExtensibilityGlobals) = postSolution
		SolutionGuid = {D6B61569-E961-4376-96C6-B462DAD5A3DD}
	EndGlobalSection
EndGlobal
