
Microsoft Visual Studio Solution File, Format Version 12.00
# Visual Studio Version 16
VisualStudioVersion = 16.0.28531.58
MinimumVisualStudioVersion = 10.0.40219.1
Project("{2150E333-8FDC-42A3-9474-1A3956D46DE8}") = "Solution Items", "Solution Items", "{074C9503-1CF1-4BDA-8140-8C7D2790CFC2}"
	ProjectSection(SolutionItems) = preProject
		.editorconfig = .editorconfig
		.gitignore = .gitignore
		BACKLOG.md = BACKLOG.md
		build.ps1 = build.ps1
		LICENSE.md = LICENSE.md
		README.md = README.md
	EndProjectSection
EndProject
Project("{9A19103F-16F7-4668-BE54-9A1E7A4F7556}") = "Engine.Core", "Engine.Core\Engine.Core.csproj", "{607E68E9-2916-4037-BB51-CEC7204393C5}"
EndProject
Project("{9A19103F-16F7-4668-BE54-9A1E7A4F7556}") = "Engine.Core.CLI", "Engine.Core.CLI\Engine.Core.CLI.csproj", "{B5DA7999-DD03-4113-87F3-AB5BAA2A1B03}"
EndProject
Project("{9A19103F-16F7-4668-BE54-9A1E7A4F7556}") = "Engine.Core.Initializer", "Engine.Core.Initializer\Engine.Core.Initializer.csproj", "{7C751C09-DA04-47EA-BAB8-7751E836DA52}"
EndProject
Global
	GlobalSection(SolutionConfigurationPlatforms) = preSolution
		Debug|Any CPU = Debug|Any CPU
		Release|Any CPU = Release|Any CPU
	EndGlobalSection
	GlobalSection(ProjectConfigurationPlatforms) = postSolution
		{607E68E9-2916-4037-BB51-CEC7204393C5}.Debug|Any CPU.ActiveCfg = Debug|Any CPU
		{607E68E9-2916-4037-BB51-CEC7204393C5}.Debug|Any CPU.Build.0 = Debug|Any CPU
		{607E68E9-2916-4037-BB51-CEC7204393C5}.Release|Any CPU.ActiveCfg = Release|Any CPU
		{607E68E9-2916-4037-BB51-CEC7204393C5}.Release|Any CPU.Build.0 = Release|Any CPU
		{B5DA7999-DD03-4113-87F3-AB5BAA2A1B03}.Debug|Any CPU.ActiveCfg = Debug|Any CPU
		{B5DA7999-DD03-4113-87F3-AB5BAA2A1B03}.Debug|Any CPU.Build.0 = Debug|Any CPU
		{B5DA7999-DD03-4113-87F3-AB5BAA2A1B03}.Release|Any CPU.ActiveCfg = Release|Any CPU
		{B5DA7999-DD03-4113-87F3-AB5BAA2A1B03}.Release|Any CPU.Build.0 = Release|Any CPU
		{7C751C09-DA04-47EA-BAB8-7751E836DA52}.Debug|Any CPU.ActiveCfg = Debug|Any CPU
		{7C751C09-DA04-47EA-BAB8-7751E836DA52}.Debug|Any CPU.Build.0 = Debug|Any CPU
		{7C751C09-DA04-47EA-BAB8-7751E836DA52}.Release|Any CPU.ActiveCfg = Release|Any CPU
		{7C751C09-DA04-47EA-BAB8-7751E836DA52}.Release|Any CPU.Build.0 = Release|Any CPU
	EndGlobalSection
	GlobalSection(SolutionProperties) = preSolution
		HideSolutionNode = FALSE
	EndGlobalSection
	GlobalSection(ExtensibilityGlobals) = postSolution
		SolutionGuid = {D6B61569-E961-4376-96C6-B462DAD5A3DD}
	EndGlobalSection
EndGlobal
